
Microsoft Visual Studio Solution File, Format Version 12.00
# Visual Studio Version 16
VisualStudioVersion = 16.0.31112.23
MinimumVisualStudioVersion = 10.0.40219.1
Project("{FAE04EC0-301F-11D3-BF4B-00C04F79EFBC}") = "FriendsCoWorker", "FriendsCoWorker\FriendsCoWorker.csproj", "{7A38BB98-8916-4DEC-B0B0-B0A8AC860E1D}"
EndProject
Global
	GlobalSection(SolutionConfigurationPlatforms) = preSolution
		Debug|Any CPU = Debug|Any CPU
		Release|Any CPU = Release|Any CPU
	EndGlobalSection
	GlobalSection(ProjectConfigurationPlatforms) = postSolution
		{7A38BB98-8916-4DEC-B0B0-B0A8AC860E1D}.Debug|Any CPU.ActiveCfg = Debug|Any CPU
		{7A38BB98-8916-4DEC-B0B0-B0A8AC860E1D}.Debug|Any CPU.Build.0 = Debug|Any CPU
		{7A38BB98-8916-4DEC-B0B0-B0A8AC860E1D}.Release|Any CPU.ActiveCfg = Release|Any CPU
		{7A38BB98-8916-4DEC-B0B0-B0A8AC860E1D}.Release|Any CPU.Build.0 = Release|Any CPU
	EndGlobalSection
	GlobalSection(SolutionProperties) = preSolution
		HideSolutionNode = FALSE
	EndGlobalSection
	GlobalSection(ExtensibilityGlobals) = postSolution
		SolutionGuid = {3E4067CE-180D-4596-8930-C767947D1D6B}
	EndGlobalSection
EndGlobal
