
Microsoft Visual Studio Solution File, Format Version 12.00
# Visual Studio Version 16
VisualStudioVersion = 16.0.31112.23
MinimumVisualStudioVersion = 10.0.40219.1
Project("{FAE04EC0-301F-11D3-BF4B-00C04F79EFBC}") = "FriendCoWorker", "FriendCoWorker\FriendCoWorker.csproj", "{CD45FE09-A745-46BB-B5A9-00DDF81BC506}"
EndProject
Global
	GlobalSection(SolutionConfigurationPlatforms) = preSolution
		Debug|Any CPU = Debug|Any CPU
		Release|Any CPU = Release|Any CPU
	EndGlobalSection
	GlobalSection(ProjectConfigurationPlatforms) = postSolution
		{CD45FE09-A745-46BB-B5A9-00DDF81BC506}.Debug|Any CPU.ActiveCfg = Debug|Any CPU
		{CD45FE09-A745-46BB-B5A9-00DDF81BC506}.Debug|Any CPU.Build.0 = Debug|Any CPU
		{CD45FE09-A745-46BB-B5A9-00DDF81BC506}.Release|Any CPU.ActiveCfg = Release|Any CPU
		{CD45FE09-A745-46BB-B5A9-00DDF81BC506}.Release|Any CPU.Build.0 = Release|Any CPU
	EndGlobalSection
	GlobalSection(SolutionProperties) = preSolution
		HideSolutionNode = FALSE
	EndGlobalSection
	GlobalSection(ExtensibilityGlobals) = postSolution
		SolutionGuid = {A635F5B8-B2BF-47AB-AA35-A753C8D75A60}
	EndGlobalSection
EndGlobal
